
Microsoft Visual Studio Solution File, Format Version 12.00
Project("{FAE04EC0-301F-11D3-BF4B-00C04F79EFBC}") = "TestVCE", "TestVCE\TestVCE.csproj", "{7FE037EB-08BF-459F-82C3-6211C84E4A0B}"
EndProject
Global
	GlobalSection(SolutionConfigurationPlatforms) = preSolution
		Debug|Any CPU = Debug|Any CPU
		Release|Any CPU = Release|Any CPU
	EndGlobalSection
	GlobalSection(ProjectConfigurationPlatforms) = postSolution
		{7FE037EB-08BF-459F-82C3-6211C84E4A0B}.Debug|Any CPU.ActiveCfg = Debug|Any CPU
		{7FE037EB-08BF-459F-82C3-6211C84E4A0B}.Debug|Any CPU.Build.0 = Debug|Any CPU
		{7FE037EB-08BF-459F-82C3-6211C84E4A0B}.Release|Any CPU.ActiveCfg = Release|Any CPU
		{7FE037EB-08BF-459F-82C3-6211C84E4A0B}.Release|Any CPU.Build.0 = Release|Any CPU
	EndGlobalSection
EndGlobal
